
Microsoft Visual Studio Solution File, Format Version 12.00
# Visual Studio Version 17
VisualStudioVersion = 17.0.31912.275
MinimumVisualStudioVersion = 10.0.40219.1
Project("{FAE04EC0-301F-11D3-BF4B-00C04F79EFBC}") = "Synchronizer", "Synchronizer\Synchronizer.csproj", "{45558802-67A2-4914-9BB4-1DC1DCE1FF91}"
EndProject
Global
	GlobalSection(SolutionConfigurationPlatforms) = preSolution
		Debug|Any CPU = Debug|Any CPU
		Release|Any CPU = Release|Any CPU
	EndGlobalSection
	GlobalSection(ProjectConfigurationPlatforms) = postSolution
		{45558802-67A2-4914-9BB4-1DC1DCE1FF91}.Debug|Any CPU.ActiveCfg = Debug|Any CPU
		{45558802-67A2-4914-9BB4-1DC1DCE1FF91}.Debug|Any CPU.Build.0 = Debug|Any CPU
		{45558802-67A2-4914-9BB4-1DC1DCE1FF91}.Release|Any CPU.ActiveCfg = Release|Any CPU
		{45558802-67A2-4914-9BB4-1DC1DCE1FF91}.Release|Any CPU.Build.0 = Release|Any CPU
	EndGlobalSection
	GlobalSection(SolutionProperties) = preSolution
		HideSolutionNode = FALSE
	EndGlobalSection
	GlobalSection(ExtensibilityGlobals) = postSolution
		SolutionGuid = {B0A07D47-1873-43E5-9146-27E38A3E2F48}
	EndGlobalSection
EndGlobal
